
Microsoft Visual Studio Solution File, Format Version 12.00
# Visual Studio Version 16
VisualStudioVersion = 16.0.29201.188
MinimumVisualStudioVersion = 10.0.40219.1
Project("{9A19103F-16F7-4668-BE54-9A1E7A4F7556}") = "Replicate", "Replicate\Replicate.csproj", "{08228FF9-3049-43F5-B8D3-F1038FD5284C}"
EndProject
Project("{9A19103F-16F7-4668-BE54-9A1E7A4F7556}") = "ReplicateTest", "ReplicateTest\ReplicateTest.csproj", "{3D2E5712-4957-4C39-BB8E-F73E3B98540E}"
EndProject
Project("{9A19103F-16F7-4668-BE54-9A1E7A4F7556}") = "ReplicateBenchmarks", "ReplicateBenchmarks\ReplicateBenchmarks.csproj", "{B215C000-424D-489B-92BB-85276A405A09}"
EndProject
Project("{9A19103F-16F7-4668-BE54-9A1E7A4F7556}") = "RepCmd", "RepCmd\RepCmd.csproj", "{935665FF-9EB0-4EFA-9F16-11E1861ABE8C}"
EndProject
Project("{FAE04EC0-301F-11D3-BF4B-00C04F79EFBC}") = "ReplicateWeb", "ReplicateWeb\ReplicateWeb.csproj", "{A9F96D88-F2A6-461A-8E58-BD414502686A}"
EndProject
Project("{FAE04EC0-301F-11D3-BF4B-00C04F79EFBC}") = "ReplicateWebTest", "ReplicateWebTest\ReplicateWebTest.csproj", "{8025EBD4-E90C-42B0-BD87-9E9B29E7436D}"
EndProject
Global
	GlobalSection(SolutionConfigurationPlatforms) = preSolution
		Debug|Any CPU = Debug|Any CPU
		Release|Any CPU = Release|Any CPU
	EndGlobalSection
	GlobalSection(ProjectConfigurationPlatforms) = postSolution
		{08228FF9-3049-43F5-B8D3-F1038FD5284C}.Debug|Any CPU.ActiveCfg = Debug|Any CPU
		{08228FF9-3049-43F5-B8D3-F1038FD5284C}.Debug|Any CPU.Build.0 = Debug|Any CPU
		{08228FF9-3049-43F5-B8D3-F1038FD5284C}.Release|Any CPU.ActiveCfg = Release|Any CPU
		{08228FF9-3049-43F5-B8D3-F1038FD5284C}.Release|Any CPU.Build.0 = Release|Any CPU
		{3D2E5712-4957-4C39-BB8E-F73E3B98540E}.Debug|Any CPU.ActiveCfg = Debug|Any CPU
		{3D2E5712-4957-4C39-BB8E-F73E3B98540E}.Debug|Any CPU.Build.0 = Debug|Any CPU
		{3D2E5712-4957-4C39-BB8E-F73E3B98540E}.Release|Any CPU.ActiveCfg = Release|Any CPU
		{3D2E5712-4957-4C39-BB8E-F73E3B98540E}.Release|Any CPU.Build.0 = Release|Any CPU
		{B215C000-424D-489B-92BB-85276A405A09}.Debug|Any CPU.ActiveCfg = Debug|Any CPU
		{B215C000-424D-489B-92BB-85276A405A09}.Debug|Any CPU.Build.0 = Debug|Any CPU
		{B215C000-424D-489B-92BB-85276A405A09}.Release|Any CPU.ActiveCfg = Release|Any CPU
		{B215C000-424D-489B-92BB-85276A405A09}.Release|Any CPU.Build.0 = Release|Any CPU
		{935665FF-9EB0-4EFA-9F16-11E1861ABE8C}.Debug|Any CPU.ActiveCfg = Debug|Any CPU
		{935665FF-9EB0-4EFA-9F16-11E1861ABE8C}.Debug|Any CPU.Build.0 = Debug|Any CPU
		{935665FF-9EB0-4EFA-9F16-11E1861ABE8C}.Release|Any CPU.ActiveCfg = Release|Any CPU
		{935665FF-9EB0-4EFA-9F16-11E1861ABE8C}.Release|Any CPU.Build.0 = Release|Any CPU
		{A9F96D88-F2A6-461A-8E58-BD414502686A}.Debug|Any CPU.ActiveCfg = Debug|Any CPU
		{A9F96D88-F2A6-461A-8E58-BD414502686A}.Debug|Any CPU.Build.0 = Debug|Any CPU
		{A9F96D88-F2A6-461A-8E58-BD414502686A}.Release|Any CPU.ActiveCfg = Release|Any CPU
		{A9F96D88-F2A6-461A-8E58-BD414502686A}.Release|Any CPU.Build.0 = Release|Any CPU
		{8025EBD4-E90C-42B0-BD87-9E9B29E7436D}.Debug|Any CPU.ActiveCfg = Debug|Any CPU
		{8025EBD4-E90C-42B0-BD87-9E9B29E7436D}.Debug|Any CPU.Build.0 = Debug|Any CPU
		{8025EBD4-E90C-42B0-BD87-9E9B29E7436D}.Release|Any CPU.ActiveCfg = Release|Any CPU
		{8025EBD4-E90C-42B0-BD87-9E9B29E7436D}.Release|Any CPU.Build.0 = Release|Any CPU
	EndGlobalSection
	GlobalSection(SolutionProperties) = preSolution
		HideSolutionNode = FALSE
	EndGlobalSection
	GlobalSection(ExtensibilityGlobals) = postSolution
		SolutionGuid = {BC0E4046-0B8A-46C7-9180-161C86D739BF}
	EndGlobalSection
EndGlobal
